// !$*UTF8*$!
{
	archiveVersion = 1;
	classes = {
	};
	objectVersion = 46;
	objects = {

/* Begin PBXBuildFile section */
		2B6A89F6CE54DB00EF5AD539 /* Pods_pribblbe.framework in Frameworks */ = {isa = PBXBuildFile; fileRef = D885655508616C07EB51FC33 /* Pods_pribblbe.framework */; };
		8F21629B1E1A6B6F00D0748E /* data.swift in Sources */ = {isa = PBXBuildFile; fileRef = 8F21629A1E1A6B6F00D0748E /* data.swift */; };
		8F30F3081DECA07700E1F616 /* TableViewController.swift in Sources */ = {isa = PBXBuildFile; fileRef = 8F30F3071DECA07700E1F616 /* TableViewController.swift */; };
		8F30F30A1DECBBC800E1F616 /* Parse.swift in Sources */ = {isa = PBXBuildFile; fileRef = 8F30F3091DECBBC800E1F616 /* Parse.swift */; };
		8F3EAC3D1DE85F6200AD1DCF /* OAuth2RetryHandler.swift in Sources */ = {isa = PBXBuildFile; fileRef = 8F3EAC3C1DE85F6200AD1DCF /* OAuth2RetryHandler.swift */; };
		8F586D281DE852D000B1AE72 /* AppDelegate.swift in Sources */ = {isa = PBXBuildFile; fileRef = 8F586D271DE852D000B1AE72 /* AppDelegate.swift */; };
		8F586D2A1DE852D000B1AE72 /* OauthByDribbble.swift in Sources */ = {isa = PBXBuildFile; fileRef = 8F586D291DE852D000B1AE72 /* OauthByDribbble.swift */; };
		8F586D2D1DE852D000B1AE72 /* Main.storyboard in Resources */ = {isa = PBXBuildFile; fileRef = 8F586D2B1DE852D000B1AE72 /* Main.storyboard */; };
		8F586D301DE852D000B1AE72 /* pribblbe.xcdatamodeld in Sources */ = {isa = PBXBuildFile; fileRef = 8F586D2E1DE852D000B1AE72 /* pribblbe.xcdatamodeld */; };
		8F586D321DE852D000B1AE72 /* Assets.xcassets in Resources */ = {isa = PBXBuildFile; fileRef = 8F586D311DE852D000B1AE72 /* Assets.xcassets */; };
		8F586D351DE852D000B1AE72 /* LaunchScreen.storyboard in Resources */ = {isa = PBXBuildFile; fileRef = 8F586D331DE852D000B1AE72 /* LaunchScreen.storyboard */; };
/* End PBXBuildFile section */

/* Begin PBXFileReference section */
		0270F621FB4A565149F49C24 /* Pods-pribblbe.release.xcconfig */ = {isa = PBXFileReference; includeInIndex = 1; lastKnownFileType = text.xcconfig; name = "Pods-pribblbe.release.xcconfig"; path = "Pods/Target Support Files/Pods-pribblbe/Pods-pribblbe.release.xcconfig"; sourceTree = "<group>"; };
		8F21629A1E1A6B6F00D0748E /* data.swift */ = {isa = PBXFileReference; fileEncoding = 4; lastKnownFileType = sourcecode.swift; path = data.swift; sourceTree = "<group>"; };
		8F30F3071DECA07700E1F616 /* TableViewController.swift */ = {isa = PBXFileReference; fileEncoding = 4; lastKnownFileType = sourcecode.swift; path = TableViewController.swift; sourceTree = "<group>"; };
		8F30F3091DECBBC800E1F616 /* Parse.swift */ = {isa = PBXFileReference; fileEncoding = 4; lastKnownFileType = sourcecode.swift; path = Parse.swift; sourceTree = "<group>"; };
		8F3EAC3C1DE85F6200AD1DCF /* OAuth2RetryHandler.swift */ = {isa = PBXFileReference; fileEncoding = 4; lastKnownFileType = sourcecode.swift; path = OAuth2RetryHandler.swift; sourceTree = "<group>"; };
		8F586D241DE852D000B1AE72 /* pribblbe.app */ = {isa = PBXFileReference; explicitFileType = wrapper.application; includeInIndex = 0; path = pribblbe.app; sourceTree = BUILT_PRODUCTS_DIR; };
		8F586D271DE852D000B1AE72 /* AppDelegate.swift */ = {isa = PBXFileReference; lastKnownFileType = sourcecode.swift; path = AppDelegate.swift; sourceTree = "<group>"; };
		8F586D291DE852D000B1AE72 /* OauthByDribbble.swift */ = {isa = PBXFileReference; lastKnownFileType = sourcecode.swift; path = OauthByDribbble.swift; sourceTree = "<group>"; };
		8F586D2C1DE852D000B1AE72 /* Base */ = {isa = PBXFileReference; lastKnownFileType = file.storyboard; name = Base; path = Base.lproj/Main.storyboard; sourceTree = "<group>"; };
		8F586D2F1DE852D000B1AE72 /* pribblbe.xcdatamodel */ = {isa = PBXFileReference; lastKnownFileType = wrapper.xcdatamodel; path = pribblbe.xcdatamodel; sourceTree = "<group>"; };
		8F586D311DE852D000B1AE72 /* Assets.xcassets */ = {isa = PBXFileReference; lastKnownFileType = folder.assetcatalog; path = Assets.xcassets; sourceTree = "<group>"; };
		8F586D341DE852D000B1AE72 /* Base */ = {isa = PBXFileReference; lastKnownFileType = file.storyboard; name = Base; path = Base.lproj/LaunchScreen.storyboard; sourceTree = "<group>"; };
		8F586D361DE852D000B1AE72 /* Info.plist */ = {isa = PBXFileReference; lastKnownFileType = text.plist.xml; path = Info.plist; sourceTree = "<group>"; };
		8FA2B5321DF076870017424F /* pribblbe-Bridging-Header.h */ = {isa = PBXFileReference; lastKnownFileType = sourcecode.c.h; path = "pribblbe-Bridging-Header.h"; sourceTree = "<group>"; };
		BCEE21A001A4F3E971881FC0 /* Pods-pribblbe.debug.xcconfig */ = {isa = PBXFileReference; includeInIndex = 1; lastKnownFileType = text.xcconfig; name = "Pods-pribblbe.debug.xcconfig"; path = "Pods/Target Support Files/Pods-pribblbe/Pods-pribblbe.debug.xcconfig"; sourceTree = "<group>"; };
		D885655508616C07EB51FC33 /* Pods_pribblbe.framework */ = {isa = PBXFileReference; explicitFileType = wrapper.framework; includeInIndex = 0; path = Pods_pribblbe.framework; sourceTree = BUILT_PRODUCTS_DIR; };
/* End PBXFileReference section */

/* Begin PBXFrameworksBuildPhase section */
		8F586D211DE852CF00B1AE72 /* Frameworks */ = {
			isa = PBXFrameworksBuildPhase;
			buildActionMask = 2147483647;
			files = (
				2B6A89F6CE54DB00EF5AD539 /* Pods_pribblbe.framework in Frameworks */,
			);
			runOnlyForDeploymentPostprocessing = 0;
		};
/* End PBXFrameworksBuildPhase section */

/* Begin PBXGroup section */
		1B6C76831DBF56AE20A6D85F /* Pods */ = {
			isa = PBXGroup;
			children = (
				BCEE21A001A4F3E971881FC0 /* Pods-pribblbe.debug.xcconfig */,
				0270F621FB4A565149F49C24 /* Pods-pribblbe.release.xcconfig */,
			);
			name = Pods;
			sourceTree = "<group>";
		};
		77F6282885B5CCBCF30452D0 /* Frameworks */ = {
			isa = PBXGroup;
			children = (
				D885655508616C07EB51FC33 /* Pods_pribblbe.framework */,
			);
			name = Frameworks;
			sourceTree = "<group>";
		};
		8F2162951E1A686900D0748E /* model */ = {
			isa = PBXGroup;
			children = (
				8F21629A1E1A6B6F00D0748E /* data.swift */,
			);
			name = model;
			sourceTree = "<group>";
		};
		8F2162961E1A687500D0748E /* view */ = {
			isa = PBXGroup;
			children = (
			);
			name = view;
			sourceTree = "<group>";
		};
		8F2162971E1A687E00D0748E /* controller */ = {
			isa = PBXGroup;
			children = (
			);
			name = controller;
			sourceTree = "<group>";
		};
		8F2162981E1A688700D0748E /* oauth */ = {
			isa = PBXGroup;
			children = (
				8F586D291DE852D000B1AE72 /* OauthByDribbble.swift */,
				8F3EAC3C1DE85F6200AD1DCF /* OAuth2RetryHandler.swift */,
			);
			name = oauth;
			sourceTree = "<group>";
		};
		8F586D1B1DE852CF00B1AE72 = {
			isa = PBXGroup;
			children = (
				8F586D261DE852D000B1AE72 /* pribblbe */,
				8F586D251DE852D000B1AE72 /* Products */,
				1B6C76831DBF56AE20A6D85F /* Pods */,
				77F6282885B5CCBCF30452D0 /* Frameworks */,
			);
			sourceTree = "<group>";
		};
		8F586D251DE852D000B1AE72 /* Products */ = {
			isa = PBXGroup;
			children = (
				8F586D241DE852D000B1AE72 /* pribblbe.app */,
			);
			name = Products;
			sourceTree = "<group>";
		};
		8F586D261DE852D000B1AE72 /* pribblbe */ = {
			isa = PBXGroup;
			children = (
				8F2162981E1A688700D0748E /* oauth */,
				8F2162971E1A687E00D0748E /* controller */,
				8F2162961E1A687500D0748E /* view */,
				8F2162951E1A686900D0748E /* model */,
				8F586D271DE852D000B1AE72 /* AppDelegate.swift */,
				8F30F3071DECA07700E1F616 /* TableViewController.swift */,
				8F30F3091DECBBC800E1F616 /* Parse.swift */,
				8F586D2B1DE852D000B1AE72 /* Main.storyboard */,
				8F586D311DE852D000B1AE72 /* Assets.xcassets */,
				8F586D331DE852D000B1AE72 /* LaunchScreen.storyboard */,
				8F586D361DE852D000B1AE72 /* Info.plist */,
				8F586D2E1DE852D000B1AE72 /* pribblbe.xcdatamodeld */,
				8FA2B5321DF076870017424F /* pribblbe-Bridging-Header.h */,
			);
			path = pribblbe;
			sourceTree = "<group>";
		};
/* End PBXGroup section */

/* Begin PBXNativeTarget section */
		8F586D231DE852CF00B1AE72 /* pribblbe */ = {
			isa = PBXNativeTarget;
			buildConfigurationList = 8F586D391DE852D000B1AE72 /* Build configuration list for PBXNativeTarget "pribblbe" */;
			buildPhases = (
				9D8814BD56DA848F4E49BB17 /* 📦 Check Pods Manifest.lock */,
				8F586D201DE852CF00B1AE72 /* Sources */,
				8F586D211DE852CF00B1AE72 /* Frameworks */,
				8F586D221DE852CF00B1AE72 /* Resources */,
				7FF0182C50A0DD23E556BC86 /* 📦 Embed Pods Frameworks */,
				B06691F038A9C21C4AC7CA77 /* 📦 Copy Pods Resources */,
			);
			buildRules = (
			);
			dependencies = (
			);
			name = pribblbe;
			productName = pribblbe;
			productReference = 8F586D241DE852D000B1AE72 /* pribblbe.app */;
			productType = "com.apple.product-type.application";
		};
/* End PBXNativeTarget section */

/* Begin PBXProject section */
		8F586D1C1DE852CF00B1AE72 /* Project object */ = {
			isa = PBXProject;
			attributes = {
				LastSwiftUpdateCheck = 0810;
				LastUpgradeCheck = 0810;
				ORGANIZATIONNAME = Haliks;
				TargetAttributes = {
					8F586D231DE852CF00B1AE72 = {
						CreatedOnToolsVersion = 8.1;
						DevelopmentTeam = C77N4S9VR3;
						LastSwiftMigration = 0810;
						ProvisioningStyle = Automatic;
					};
				};
			};
			buildConfigurationList = 8F586D1F1DE852CF00B1AE72 /* Build configuration list for PBXProject "pribblbe" */;
			compatibilityVersion = "Xcode 3.2";
			developmentRegion = English;
			hasScannedForEncodings = 0;
			knownRegions = (
				en,
				Base,
			);
			mainGroup = 8F586D1B1DE852CF00B1AE72;
			productRefGroup = 8F586D251DE852D000B1AE72 /* Products */;
			projectDirPath = "";
			projectRoot = "";
			targets = (
				8F586D231DE852CF00B1AE72 /* pribblbe */,
			);
		};
/* End PBXProject section */

/* Begin PBXResourcesBuildPhase section */
		8F586D221DE852CF00B1AE72 /* Resources */ = {
			isa = PBXResourcesBuildPhase;
			buildActionMask = 2147483647;
			files = (
				8F586D351DE852D000B1AE72 /* LaunchScreen.storyboard in Resources */,
				8F586D321DE852D000B1AE72 /* Assets.xcassets in Resources */,
				8F586D2D1DE852D000B1AE72 /* Main.storyboard in Resources */,
			);
			runOnlyForDeploymentPostprocessing = 0;
		};
/* End PBXResourcesBuildPhase section */

/* Begin PBXShellScriptBuildPhase section */
		7FF0182C50A0DD23E556BC86 /* 📦 Embed Pods Frameworks */ = {
			isa = PBXShellScriptBuildPhase;
			buildActionMask = 2147483647;
			files = (
			);
			inputPaths = (
			);
			name = "📦 Embed Pods Frameworks";
			outputPaths = (
			);
			runOnlyForDeploymentPostprocessing = 0;
			shellPath = /bin/sh;
			shellScript = "\"${SRCROOT}/Pods/Target Support Files/Pods-pribblbe/Pods-pribblbe-frameworks.sh\"\n";
			showEnvVarsInLog = 0;
		};
		9D8814BD56DA848F4E49BB17 /* 📦 Check Pods Manifest.lock */ = {
			isa = PBXShellScriptBuildPhase;
			buildActionMask = 2147483647;
			files = (
			);
			inputPaths = (
			);
			name = "📦 Check Pods Manifest.lock";
			outputPaths = (
			);
			runOnlyForDeploymentPostprocessing = 0;
			shellPath = /bin/sh;
			shellScript = "diff \"${PODS_ROOT}/../Podfile.lock\" \"${PODS_ROOT}/Manifest.lock\" > /dev/null\nif [[ $? != 0 ]] ; then\n    cat << EOM\nerror: The sandbox is not in sync with the Podfile.lock. Run 'pod install' or update your CocoaPods installation.\nEOM\n    exit 1\nfi\n";
			showEnvVarsInLog = 0;
		};
		B06691F038A9C21C4AC7CA77 /* 📦 Copy Pods Resources */ = {
			isa = PBXShellScriptBuildPhase;
			buildActionMask = 2147483647;
			files = (
			);
			inputPaths = (
			);
			name = "📦 Copy Pods Resources";
			outputPaths = (
			);
			runOnlyForDeploymentPostprocessing = 0;
			shellPath = /bin/sh;
			shellScript = "\"${SRCROOT}/Pods/Target Support Files/Pods-pribblbe/Pods-pribblbe-resources.sh\"\n";
			showEnvVarsInLog = 0;
		};
/* End PBXShellScriptBuildPhase section */

/* Begin PBXSourcesBuildPhase section */
		8F586D201DE852CF00B1AE72 /* Sources */ = {
			isa = PBXSourcesBuildPhase;
			buildActionMask = 2147483647;
			files = (
				8F586D301DE852D000B1AE72 /* pribblbe.xcdatamodeld in Sources */,
				8F30F3081DECA07700E1F616 /* TableViewController.swift in Sources */,
				8F586D2A1DE852D000B1AE72 /* OauthByDribbble.swift in Sources */,
				8F586D281DE852D000B1AE72 /* AppDelegate.swift in Sources */,
				8F3EAC3D1DE85F6200AD1DCF /* OAuth2RetryHandler.swift in Sources */,
				8F21629B1E1A6B6F00D0748E /* data.swift in Sources */,
				8F30F30A1DECBBC800E1F616 /* Parse.swift in Sources */,
			);
			runOnlyForDeploymentPostprocessing = 0;
		};
/* End PBXSourcesBuildPhase section */

/* Begin PBXVariantGroup section */
		8F586D2B1DE852D000B1AE72 /* Main.storyboard */ = {
			isa = PBXVariantGroup;
			children = (
				8F586D2C1DE852D000B1AE72 /* Base */,
			);
			name = Main.storyboard;
			sourceTree = "<group>";
		};
		8F586D331DE852D000B1AE72 /* LaunchScreen.storyboard */ = {
			isa = PBXVariantGroup;
			children = (
				8F586D341DE852D000B1AE72 /* Base */,
			);
			name = LaunchScreen.storyboard;
			sourceTree = "<group>";
		};
/* End PBXVariantGroup section */

/* Begin XCBuildConfiguration section */
		8F586D371DE852D000B1AE72 /* Debug */ = {
			isa = XCBuildConfiguration;
			buildSettings = {
				ALWAYS_SEARCH_USER_PATHS = NO;
				CLANG_ANALYZER_NONNULL = YES;
				CLANG_CXX_LANGUAGE_STANDARD = "gnu++0x";
				CLANG_CXX_LIBRARY = "libc++";
				CLANG_ENABLE_MODULES = YES;
				CLANG_ENABLE_OBJC_ARC = YES;
				CLANG_WARN_BOOL_CONVERSION = YES;
				CLANG_WARN_CONSTANT_CONVERSION = YES;
				CLANG_WARN_DIRECT_OBJC_ISA_USAGE = YES_ERROR;
				CLANG_WARN_DOCUMENTATION_COMMENTS = YES;
				CLANG_WARN_EMPTY_BODY = YES;
				CLANG_WARN_ENUM_CONVERSION = YES;
				CLANG_WARN_INFINITE_RECURSION = YES;
				CLANG_WARN_INT_CONVERSION = YES;
				CLANG_WARN_OBJC_ROOT_CLASS = YES_ERROR;
				CLANG_WARN_SUSPICIOUS_MOVES = YES;
				CLANG_WARN_UNREACHABLE_CODE = YES;
				CLANG_WARN__DUPLICATE_METHOD_MATCH = YES;
				"CODE_SIGN_IDENTITY[sdk=iphoneos*]" = "iPhone Developer";
				COPY_PHASE_STRIP = NO;
				DEBUG_INFORMATION_FORMAT = dwarf;
				ENABLE_STRICT_OBJC_MSGSEND = YES;
				ENABLE_TESTABILITY = YES;
				GCC_C_LANGUAGE_STANDARD = gnu99;
				GCC_DYNAMIC_NO_PIC = NO;
				GCC_NO_COMMON_BLOCKS = YES;
				GCC_OPTIMIZATION_LEVEL = 0;
				GCC_PREPROCESSOR_DEFINITIONS = (
					"DEBUG=1",
					"$(inherited)",
				);
				GCC_WARN_64_TO_32_BIT_CONVERSION = YES;
				GCC_WARN_ABOUT_RETURN_TYPE = YES_ERROR;
				GCC_WARN_UNDECLARED_SELECTOR = YES;
				GCC_WARN_UNINITIALIZED_AUTOS = YES_AGGRESSIVE;
				GCC_WARN_UNUSED_FUNCTION = YES;
				GCC_WARN_UNUSED_VARIABLE = YES;
				IPHONEOS_DEPLOYMENT_TARGET = 10.1;
				MTL_ENABLE_DEBUG_INFO = YES;
				ONLY_ACTIVE_ARCH = YES;
				SDKROOT = iphoneos;
				SWIFT_ACTIVE_COMPILATION_CONDITIONS = DEBUG;
				SWIFT_OPTIMIZATION_LEVEL = "-Onone";
			};
			name = Debug;
		};
		8F586D381DE852D000B1AE72 /* Release */ = {
			isa = XCBuildConfiguration;
			buildSettings = {
				ALWAYS_SEARCH_USER_PATHS = NO;
				CLANG_ANALYZER_NONNULL = YES;
				CLANG_CXX_LANGUAGE_STANDARD = "gnu++0x";
				CLANG_CXX_LIBRARY = "libc++";
				CLANG_ENABLE_MODULES = YES;
				CLANG_ENABLE_OBJC_ARC = YES;
				CLANG_WARN_BOOL_CONVERSION = YES;
				CLANG_WARN_CONSTANT_CONVERSION = YES;
				CLANG_WARN_DIRECT_OBJC_ISA_USAGE = YES_ERROR;
				CLANG_WARN_DOCUMENTATION_COMMENTS = YES;
				CLANG_WARN_EMPTY_BODY = YES;
				CLANG_WARN_ENUM_CONVERSION = YES;
				CLANG_WARN_INFINITE_RECURSION = YES;
				CLANG_WARN_INT_CONVERSION = YES;
				CLANG_WARN_OBJC_ROOT_CLASS = YES_ERROR;
				CLANG_WARN_SUSPICIOUS_MOVES = YES;
				CLANG_WARN_UNREACHABLE_CODE = YES;
				CLANG_WARN__DUPLICATE_METHOD_MATCH = YES;
				"CODE_SIGN_IDENTITY[sdk=iphoneos*]" = "iPhone Developer";
				COPY_PHASE_STRIP = NO;
				DEBUG_INFORMATION_FORMAT = "dwarf-with-dsym";
				ENABLE_NS_ASSERTIONS = NO;
				ENABLE_STRICT_OBJC_MSGSEND = YES;
				GCC_C_LANGUAGE_STANDARD = gnu99;
				GCC_NO_COMMON_BLOCKS = YES;
				GCC_WARN_64_TO_32_BIT_CONVERSION = YES;
				GCC_WARN_ABOUT_RETURN_TYPE = YES_ERROR;
				GCC_WARN_UNDECLARED_SELECTOR = YES;
				GCC_WARN_UNINITIALIZED_AUTOS = YES_AGGRESSIVE;
				GCC_WARN_UNUSED_FUNCTION = YES;
				GCC_WARN_UNUSED_VARIABLE = YES;
				IPHONEOS_DEPLOYMENT_TARGET = 10.1;
				MTL_ENABLE_DEBUG_INFO = NO;
				SDKROOT = iphoneos;
				SWIFT_OPTIMIZATION_LEVEL = "-Owholemodule";
				VALIDATE_PRODUCT = YES;
			};
			name = Release;
		};
		8F586D3A1DE852D000B1AE72 /* Debug */ = {
			isa = XCBuildConfiguration;
			baseConfigurationReference = BCEE21A001A4F3E971881FC0 /* Pods-pribblbe.debug.xcconfig */;
			buildSettings = {
				ASSETCATALOG_COMPILER_APPICON_NAME = AppIcon;
				CLANG_ENABLE_MODULES = YES;
				"CODE_SIGN_IDENTITY[sdk=iphoneos*]" = "iPhone Developer";
				DEVELOPMENT_TEAM = C77N4S9VR3;
				INFOPLIST_FILE = pribblbe/Info.plist;
				LD_RUNPATH_SEARCH_PATHS = "$(inherited) @executable_path/Frameworks";
				PRODUCT_BUNDLE_IDENTIFIER = haliks.pribblbe;
				PRODUCT_NAME = "$(TARGET_NAME)";
				SWIFT_OBJC_BRIDGING_HEADER = "pribblbe/pribblbe-Bridging-Header.h";
				SWIFT_OPTIMIZATION_LEVEL = "-Onone";
				SWIFT_VERSION = 3.0;
				TARGETED_DEVICE_FAMILY = 1;
			};
			name = Debug;
		};
		8F586D3B1DE852D000B1AE72 /* Release */ = {
			isa = XCBuildConfiguration;
			baseConfigurationReference = 0270F621FB4A565149F49C24 /* Pods-pribblbe.release.xcconfig */;
			buildSettings = {
				ASSETCATALOG_COMPILER_APPICON_NAME = AppIcon;
				CLANG_ENABLE_MODULES = YES;
				"CODE_SIGN_IDENTITY[sdk=iphoneos*]" = "iPhone Developer";
				DEVELOPMENT_TEAM = C77N4S9VR3;
				INFOPLIST_FILE = pribblbe/Info.plist;
				LD_RUNPATH_SEARCH_PATHS = "$(inherited) @executable_path/Frameworks";
				PRODUCT_BUNDLE_IDENTIFIER = haliks.pribblbe;
				PRODUCT_NAME = "$(TARGET_NAME)";
				SWIFT_OBJC_BRIDGING_HEADER = "pribblbe/pribblbe-Bridging-Header.h";
				SWIFT_VERSION = 3.0;
				TARGETED_DEVICE_FAMILY = 1;
			};
			name = Release;
		};
/* End XCBuildConfiguration section */

/* Begin XCConfigurationList section */
		8F586D1F1DE852CF00B1AE72 /* Build configuration list for PBXProject "pribblbe" */ = {
			isa = XCConfigurationList;
			buildConfigurations = (
				8F586D371DE852D000B1AE72 /* Debug */,
				8F586D381DE852D000B1AE72 /* Release */,
			);
			defaultConfigurationIsVisible = 0;
			defaultConfigurationName = Release;
		};
		8F586D391DE852D000B1AE72 /* Build configuration list for PBXNativeTarget "pribblbe" */ = {
			isa = XCConfigurationList;
			buildConfigurations = (
				8F586D3A1DE852D000B1AE72 /* Debug */,
				8F586D3B1DE852D000B1AE72 /* Release */,
			);
			defaultConfigurationIsVisible = 0;
			defaultConfigurationName = Release;
		};
/* End XCConfigurationList section */

/* Begin XCVersionGroup section */
		8F586D2E1DE852D000B1AE72 /* pribblbe.xcdatamodeld */ = {
			isa = XCVersionGroup;
			children = (
				8F586D2F1DE852D000B1AE72 /* pribblbe.xcdatamodel */,
			);
			currentVersion = 8F586D2F1DE852D000B1AE72 /* pribblbe.xcdatamodel */;
			path = pribblbe.xcdatamodeld;
			sourceTree = "<group>";
			versionGroupType = wrapper.xcdatamodel;
		};
/* End XCVersionGroup section */
	};
	rootObject = 8F586D1C1DE852CF00B1AE72 /* Project object */;
}
